// !$*UTF8*$!
{
	archiveVersion = 1;
	classes = {
	};
	objectVersion = 55;
	objects = {

/* Begin PBXBuildFile section */
		71632A0428F7DFD600EC4D72 /* AppDelegate.swift in Sources */ = {isa = PBXBuildFile; fileRef = 71632A0328F7DFD600EC4D72 /* AppDelegate.swift */; };
		71632A0628F7DFD600EC4D72 /* SceneDelegate.swift in Sources */ = {isa = PBXBuildFile; fileRef = 71632A0528F7DFD600EC4D72 /* SceneDelegate.swift */; };
		71632A0828F7DFD600EC4D72 /* ViewController.swift in Sources */ = {isa = PBXBuildFile; fileRef = 71632A0728F7DFD600EC4D72 /* ViewController.swift */; };
		71632A0B28F7DFD600EC4D72 /* Main.storyboard in Resources */ = {isa = PBXBuildFile; fileRef = 71632A0928F7DFD600EC4D72 /* Main.storyboard */; };
		71632A0D28F7DFD600EC4D72 /* Assets.xcassets in Resources */ = {isa = PBXBuildFile; fileRef = 71632A0C28F7DFD600EC4D72 /* Assets.xcassets */; };
		71632A1028F7DFD600EC4D72 /* LaunchScreen.storyboard in Resources */ = {isa = PBXBuildFile; fileRef = 71632A0E28F7DFD600EC4D72 /* LaunchScreen.storyboard */; };
		71632A1B28F7DFD700EC4D72 /* ParstagramtTests.swift in Sources */ = {isa = PBXBuildFile; fileRef = 71632A1A28F7DFD700EC4D72 /* ParstagramtTests.swift */; };
		71632A2528F7DFD700EC4D72 /* ParstagramtUITests.swift in Sources */ = {isa = PBXBuildFile; fileRef = 71632A2428F7DFD700EC4D72 /* ParstagramtUITests.swift */; };
		71632A2728F7DFD700EC4D72 /* ParstagramtUITestsLaunchTests.swift in Sources */ = {isa = PBXBuildFile; fileRef = 71632A2628F7DFD700EC4D72 /* ParstagramtUITestsLaunchTests.swift */; };
		71632A3628F7E51900EC4D72 /* LoginViewController.swift in Sources */ = {isa = PBXBuildFile; fileRef = 71632A3528F7E51900EC4D72 /* LoginViewController.swift */; };
/* End PBXBuildFile section */

/* Begin PBXContainerItemProxy section */
		71632A1728F7DFD700EC4D72 /* PBXContainerItemProxy */ = {
			isa = PBXContainerItemProxy;
			containerPortal = 716329F828F7DFD600EC4D72 /* Project object */;
			proxyType = 1;
			remoteGlobalIDString = 716329FF28F7DFD600EC4D72;
			remoteInfo = Parstagramt;
		};
		71632A2128F7DFD700EC4D72 /* PBXContainerItemProxy */ = {
			isa = PBXContainerItemProxy;
			containerPortal = 716329F828F7DFD600EC4D72 /* Project object */;
			proxyType = 1;
			remoteGlobalIDString = 716329FF28F7DFD600EC4D72;
			remoteInfo = Parstagramt;
		};
/* End PBXContainerItemProxy section */

/* Begin PBXFileReference section */
		71632A0028F7DFD600EC4D72 /* Parstagramt.app */ = {isa = PBXFileReference; explicitFileType = wrapper.application; includeInIndex = 0; path = Parstagramt.app; sourceTree = BUILT_PRODUCTS_DIR; };
		71632A0328F7DFD600EC4D72 /* AppDelegate.swift */ = {isa = PBXFileReference; lastKnownFileType = sourcecode.swift; path = AppDelegate.swift; sourceTree = "<group>"; };
		71632A0528F7DFD600EC4D72 /* SceneDelegate.swift */ = {isa = PBXFileReference; lastKnownFileType = sourcecode.swift; path = SceneDelegate.swift; sourceTree = "<group>"; };
		71632A0728F7DFD600EC4D72 /* ViewController.swift */ = {isa = PBXFileReference; lastKnownFileType = sourcecode.swift; path = ViewController.swift; sourceTree = "<group>"; };
		71632A0A28F7DFD600EC4D72 /* Base */ = {isa = PBXFileReference; lastKnownFileType = file.storyboard; name = Base; path = Base.lproj/Main.storyboard; sourceTree = "<group>"; };
		71632A0C28F7DFD600EC4D72 /* Assets.xcassets */ = {isa = PBXFileReference; lastKnownFileType = folder.assetcatalog; path = Assets.xcassets; sourceTree = "<group>"; };
		71632A0F28F7DFD600EC4D72 /* Base */ = {isa = PBXFileReference; lastKnownFileType = file.storyboard; name = Base; path = Base.lproj/LaunchScreen.storyboard; sourceTree = "<group>"; };
		71632A1128F7DFD600EC4D72 /* Info.plist */ = {isa = PBXFileReference; lastKnownFileType = text.plist.xml; path = Info.plist; sourceTree = "<group>"; };
		71632A1628F7DFD700EC4D72 /* ParstagramtTests.xctest */ = {isa = PBXFileReference; explicitFileType = wrapper.cfbundle; includeInIndex = 0; path = ParstagramtTests.xctest; sourceTree = BUILT_PRODUCTS_DIR; };
		71632A1A28F7DFD700EC4D72 /* ParstagramtTests.swift */ = {isa = PBXFileReference; lastKnownFileType = sourcecode.swift; path = ParstagramtTests.swift; sourceTree = "<group>"; };
		71632A2028F7DFD700EC4D72 /* ParstagramtUITests.xctest */ = {isa = PBXFileReference; explicitFileType = wrapper.cfbundle; includeInIndex = 0; path = ParstagramtUITests.xctest; sourceTree = BUILT_PRODUCTS_DIR; };
		71632A2428F7DFD700EC4D72 /* ParstagramtUITests.swift */ = {isa = PBXFileReference; lastKnownFileType = sourcecode.swift; path = ParstagramtUITests.swift; sourceTree = "<group>"; };
		71632A2628F7DFD700EC4D72 /* ParstagramtUITestsLaunchTests.swift */ = {isa = PBXFileReference; lastKnownFileType = sourcecode.swift; path = ParstagramtUITestsLaunchTests.swift; sourceTree = "<group>"; };
		71632A3528F7E51900EC4D72 /* LoginViewController.swift */ = {isa = PBXFileReference; lastKnownFileType = sourcecode.swift; path = LoginViewController.swift; sourceTree = "<group>"; };
/* End PBXFileReference section */

/* Begin PBXFrameworksBuildPhase section */
		716329FD28F7DFD600EC4D72 /* Frameworks */ = {
			isa = PBXFrameworksBuildPhase;
			buildActionMask = 2147483647;
			files = (
			);
			runOnlyForDeploymentPostprocessing = 0;
		};
		71632A1328F7DFD700EC4D72 /* Frameworks */ = {
			isa = PBXFrameworksBuildPhase;
			buildActionMask = 2147483647;
			files = (
			);
			runOnlyForDeploymentPostprocessing = 0;
		};
		71632A1D28F7DFD700EC4D72 /* Frameworks */ = {
			isa = PBXFrameworksBuildPhase;
			buildActionMask = 2147483647;
			files = (
			);
			runOnlyForDeploymentPostprocessing = 0;
		};
/* End PBXFrameworksBuildPhase section */

/* Begin PBXGroup section */
		716329F728F7DFD600EC4D72 = {
			isa = PBXGroup;
			children = (
				71632A0228F7DFD600EC4D72 /* Parstagramt */,
				71632A1928F7DFD700EC4D72 /* ParstagramtTests */,
				71632A2328F7DFD700EC4D72 /* ParstagramtUITests */,
				71632A0128F7DFD600EC4D72 /* Products */,
			);
			sourceTree = "<group>";
		};
		71632A0128F7DFD600EC4D72 /* Products */ = {
			isa = PBXGroup;
			children = (
				71632A0028F7DFD600EC4D72 /* Parstagramt.app */,
				71632A1628F7DFD700EC4D72 /* ParstagramtTests.xctest */,
				71632A2028F7DFD700EC4D72 /* ParstagramtUITests.xctest */,
			);
			name = Products;
			sourceTree = "<group>";
		};
		71632A0228F7DFD600EC4D72 /* Parstagramt */ = {
			isa = PBXGroup;
			children = (
				71632A3528F7E51900EC4D72 /* LoginViewController.swift */,
				71632A0328F7DFD600EC4D72 /* AppDelegate.swift */,
				71632A0528F7DFD600EC4D72 /* SceneDelegate.swift */,
				71632A0728F7DFD600EC4D72 /* ViewController.swift */,
				71632A0928F7DFD600EC4D72 /* Main.storyboard */,
				71632A0C28F7DFD600EC4D72 /* Assets.xcassets */,
				71632A0E28F7DFD600EC4D72 /* LaunchScreen.storyboard */,
				71632A1128F7DFD600EC4D72 /* Info.plist */,
			);
			path = Parstagramt;
			sourceTree = "<group>";
		};
		71632A1928F7DFD700EC4D72 /* ParstagramtTests */ = {
			isa = PBXGroup;
			children = (
				71632A1A28F7DFD700EC4D72 /* ParstagramtTests.swift */,
			);
			path = ParstagramtTests;
			sourceTree = "<group>";
		};
		71632A2328F7DFD700EC4D72 /* ParstagramtUITests */ = {
			isa = PBXGroup;
			children = (
				71632A2428F7DFD700EC4D72 /* ParstagramtUITests.swift */,
				71632A2628F7DFD700EC4D72 /* ParstagramtUITestsLaunchTests.swift */,
			);
			path = ParstagramtUITests;
			sourceTree = "<group>";
		};
/* End PBXGroup section */

/* Begin PBXNativeTarget section */
		716329FF28F7DFD600EC4D72 /* Parstagramt */ = {
			isa = PBXNativeTarget;
			buildConfigurationList = 71632A2A28F7DFD700EC4D72 /* Build configuration list for PBXNativeTarget "Parstagramt" */;
			buildPhases = (
				716329FC28F7DFD600EC4D72 /* Sources */,
				716329FD28F7DFD600EC4D72 /* Frameworks */,
				716329FE28F7DFD600EC4D72 /* Resources */,
			);
			buildRules = (
			);
			dependencies = (
			);
			name = Parstagramt;
			productName = Parstagramt;
			productReference = 71632A0028F7DFD600EC4D72 /* Parstagramt.app */;
			productType = "com.apple.product-type.application";
		};
		71632A1528F7DFD700EC4D72 /* ParstagramtTests */ = {
			isa = PBXNativeTarget;
			buildConfigurationList = 71632A2D28F7DFD700EC4D72 /* Build configuration list for PBXNativeTarget "ParstagramtTests" */;
			buildPhases = (
				71632A1228F7DFD700EC4D72 /* Sources */,
				71632A1328F7DFD700EC4D72 /* Frameworks */,
				71632A1428F7DFD700EC4D72 /* Resources */,
			);
			buildRules = (
			);
			dependencies = (
				71632A1828F7DFD700EC4D72 /* PBXTargetDependency */,
			);
			name = ParstagramtTests;
			productName = ParstagramtTests;
			productReference = 71632A1628F7DFD700EC4D72 /* ParstagramtTests.xctest */;
			productType = "com.apple.product-type.bundle.unit-test";
		};
		71632A1F28F7DFD700EC4D72 /* ParstagramtUITests */ = {
			isa = PBXNativeTarget;
			buildConfigurationList = 71632A3028F7DFD700EC4D72 /* Build configuration list for PBXNativeTarget "ParstagramtUITests" */;
			buildPhases = (
				71632A1C28F7DFD700EC4D72 /* Sources */,
				71632A1D28F7DFD700EC4D72 /* Frameworks */,
				71632A1E28F7DFD700EC4D72 /* Resources */,
			);
			buildRules = (
			);
			dependencies = (
				71632A2228F7DFD700EC4D72 /* PBXTargetDependency */,
			);
			name = ParstagramtUITests;
			productName = ParstagramtUITests;
			productReference = 71632A2028F7DFD700EC4D72 /* ParstagramtUITests.xctest */;
			productType = "com.apple.product-type.bundle.ui-testing";
		};
/* End PBXNativeTarget section */

/* Begin PBXProject section */
		716329F828F7DFD600EC4D72 /* Project object */ = {
			isa = PBXProject;
			attributes = {
				BuildIndependentTargetsInParallel = 1;
				LastSwiftUpdateCheck = 1340;
				LastUpgradeCheck = 1340;
				TargetAttributes = {
					716329FF28F7DFD600EC4D72 = {
						CreatedOnToolsVersion = 13.4.1;
					};
					71632A1528F7DFD700EC4D72 = {
						CreatedOnToolsVersion = 13.4.1;
						TestTargetID = 716329FF28F7DFD600EC4D72;
					};
					71632A1F28F7DFD700EC4D72 = {
						CreatedOnToolsVersion = 13.4.1;
						TestTargetID = 716329FF28F7DFD600EC4D72;
					};
				};
			};
			buildConfigurationList = 716329FB28F7DFD600EC4D72 /* Build configuration list for PBXProject "Parstagramt" */;
			compatibilityVersion = "Xcode 13.0";
			developmentRegion = en;
			hasScannedForEncodings = 0;
			knownRegions = (
				en,
				Base,
			);
			mainGroup = 716329F728F7DFD600EC4D72;
			productRefGroup = 71632A0128F7DFD600EC4D72 /* Products */;
			projectDirPath = "";
			projectRoot = "";
			targets = (
				716329FF28F7DFD600EC4D72 /* Parstagramt */,
				71632A1528F7DFD700EC4D72 /* ParstagramtTests */,
				71632A1F28F7DFD700EC4D72 /* ParstagramtUITests */,
			);
		};
/* End PBXProject section */

/* Begin PBXResourcesBuildPhase section */
		716329FE28F7DFD600EC4D72 /* Resources */ = {
			isa = PBXResourcesBuildPhase;
			buildActionMask = 2147483647;
			files = (
				71632A1028F7DFD600EC4D72 /* LaunchScreen.storyboard in Resources */,
				71632A0D28F7DFD600EC4D72 /* Assets.xcassets in Resources */,
				71632A0B28F7DFD600EC4D72 /* Main.storyboard in Resources */,
			);
			runOnlyForDeploymentPostprocessing = 0;
		};
		71632A1428F7DFD700EC4D72 /* Resources */ = {
			isa = PBXResourcesBuildPhase;
			buildActionMask = 2147483647;
			files = (
			);
			runOnlyForDeploymentPostprocessing = 0;
		};
		71632A1E28F7DFD700EC4D72 /* Resources */ = {
			isa = PBXResourcesBuildPhase;
			buildActionMask = 2147483647;
			files = (
			);
			runOnlyForDeploymentPostprocessing = 0;
		};
/* End PBXResourcesBuildPhase section */

/* Begin PBXSourcesBuildPhase section */
		716329FC28F7DFD600EC4D72 /* Sources */ = {
			isa = PBXSourcesBuildPhase;
			buildActionMask = 2147483647;
			files = (
				71632A3628F7E51900EC4D72 /* LoginViewController.swift in Sources */,
				71632A0828F7DFD600EC4D72 /* ViewController.swift in Sources */,
				71632A0428F7DFD600EC4D72 /* AppDelegate.swift in Sources */,
				71632A0628F7DFD600EC4D72 /* SceneDelegate.swift in Sources */,
			);
			runOnlyForDeploymentPostprocessing = 0;
		};
		71632A1228F7DFD700EC4D72 /* Sources */ = {
			isa = PBXSourcesBuildPhase;
			buildActionMask = 2147483647;
			files = (
				71632A1B28F7DFD700EC4D72 /* ParstagramtTests.swift in Sources */,
			);
			runOnlyForDeploymentPostprocessing = 0;
		};
		71632A1C28F7DFD700EC4D72 /* Sources */ = {
			isa = PBXSourcesBuildPhase;
			buildActionMask = 2147483647;
			files = (
				71632A2528F7DFD700EC4D72 /* ParstagramtUITests.swift in Sources */,
				71632A2728F7DFD700EC4D72 /* ParstagramtUITestsLaunchTests.swift in Sources */,
			);
			runOnlyForDeploymentPostprocessing = 0;
		};
/* End PBXSourcesBuildPhase section */

/* Begin PBXTargetDependency section */
		71632A1828F7DFD700EC4D72 /* PBXTargetDependency */ = {
			isa = PBXTargetDependency;
			target = 716329FF28F7DFD600EC4D72 /* Parstagramt */;
			targetProxy = 71632A1728F7DFD700EC4D72 /* PBXContainerItemProxy */;
		};
		71632A2228F7DFD700EC4D72 /* PBXTargetDependency */ = {
			isa = PBXTargetDependency;
			target = 716329FF28F7DFD600EC4D72 /* Parstagramt */;
			targetProxy = 71632A2128F7DFD700EC4D72 /* PBXContainerItemProxy */;
		};
/* End PBXTargetDependency section */

/* Begin PBXVariantGroup section */
		71632A0928F7DFD600EC4D72 /* Main.storyboard */ = {
			isa = PBXVariantGroup;
			children = (
				71632A0A28F7DFD600EC4D72 /* Base */,
			);
			name = Main.storyboard;
			sourceTree = "<group>";
		};
		71632A0E28F7DFD600EC4D72 /* LaunchScreen.storyboard */ = {
			isa = PBXVariantGroup;
			children = (
				71632A0F28F7DFD600EC4D72 /* Base */,
			);
			name = LaunchScreen.storyboard;
			sourceTree = "<group>";
		};
/* End PBXVariantGroup section */

/* Begin XCBuildConfiguration section */
		71632A2828F7DFD700EC4D72 /* Debug */ = {
			isa = XCBuildConfiguration;
			buildSettings = {
				ALWAYS_SEARCH_USER_PATHS = NO;
				CLANG_ANALYZER_NONNULL = YES;
				CLANG_ANALYZER_NUMBER_OBJECT_CONVERSION = YES_AGGRESSIVE;
				CLANG_CXX_LANGUAGE_STANDARD = "gnu++17";
				CLANG_ENABLE_MODULES = YES;
				CLANG_ENABLE_OBJC_ARC = YES;
				CLANG_ENABLE_OBJC_WEAK = YES;
				CLANG_WARN_BLOCK_CAPTURE_AUTORELEASING = YES;
				CLANG_WARN_BOOL_CONVERSION = YES;
				CLANG_WARN_COMMA = YES;
				CLANG_WARN_CONSTANT_CONVERSION = YES;
				CLANG_WARN_DEPRECATED_OBJC_IMPLEMENTATIONS = YES;
				CLANG_WARN_DIRECT_OBJC_ISA_USAGE = YES_ERROR;
				CLANG_WARN_DOCUMENTATION_COMMENTS = YES;
				CLANG_WARN_EMPTY_BODY = YES;
				CLANG_WARN_ENUM_CONVERSION = YES;
				CLANG_WARN_INFINITE_RECURSION = YES;
				CLANG_WARN_INT_CONVERSION = YES;
				CLANG_WARN_NON_LITERAL_NULL_CONVERSION = YES;
				CLANG_WARN_OBJC_IMPLICIT_RETAIN_SELF = YES;
				CLANG_WARN_OBJC_LITERAL_CONVERSION = YES;
				CLANG_WARN_OBJC_ROOT_CLASS = YES_ERROR;
				CLANG_WARN_QUOTED_INCLUDE_IN_FRAMEWORK_HEADER = YES;
				CLANG_WARN_RANGE_LOOP_ANALYSIS = YES;
				CLANG_WARN_STRICT_PROTOTYPES = YES;
				CLANG_WARN_SUSPICIOUS_MOVE = YES;
				CLANG_WARN_UNGUARDED_AVAILABILITY = YES_AGGRESSIVE;
				CLANG_WARN_UNREACHABLE_CODE = YES;
				CLANG_WARN__DUPLICATE_METHOD_MATCH = YES;
				COPY_PHASE_STRIP = NO;
				DEBUG_INFORMATION_FORMAT = dwarf;
				ENABLE_STRICT_OBJC_MSGSEND = YES;
				ENABLE_TESTABILITY = YES;
				GCC_C_LANGUAGE_STANDARD = gnu11;
				GCC_DYNAMIC_NO_PIC = NO;
				GCC_NO_COMMON_BLOCKS = YES;
				GCC_OPTIMIZATION_LEVEL = 0;
				GCC_PREPROCESSOR_DEFINITIONS = (
					"DEBUG=1",
					"$(inherited)",
				);
				GCC_WARN_64_TO_32_BIT_CONVERSION = YES;
				GCC_WARN_ABOUT_RETURN_TYPE = YES_ERROR;
				GCC_WARN_UNDECLARED_SELECTOR = YES;
				GCC_WARN_UNINITIALIZED_AUTOS = YES_AGGRESSIVE;
				GCC_WARN_UNUSED_FUNCTION = YES;
				GCC_WARN_UNUSED_VARIABLE = YES;
				IPHONEOS_DEPLOYMENT_TARGET = 15.5;
				MTL_ENABLE_DEBUG_INFO = INCLUDE_SOURCE;
				MTL_FAST_MATH = YES;
				ONLY_ACTIVE_ARCH = YES;
				SDKROOT = iphoneos;
				SWIFT_ACTIVE_COMPILATION_CONDITIONS = DEBUG;
				SWIFT_OPTIMIZATION_LEVEL = "-Onone";
			};
			name = Debug;
		};
		71632A2928F7DFD700EC4D72 /* Release */ = {
			isa = XCBuildConfiguration;
			buildSettings = {
				ALWAYS_SEARCH_USER_PATHS = NO;
				CLANG_ANALYZER_NONNULL = YES;
				CLANG_ANALYZER_NUMBER_OBJECT_CONVERSION = YES_AGGRESSIVE;
				CLANG_CXX_LANGUAGE_STANDARD = "gnu++17";
				CLANG_ENABLE_MODULES = YES;
				CLANG_ENABLE_OBJC_ARC = YES;
				CLANG_ENABLE_OBJC_WEAK = YES;
				CLANG_WARN_BLOCK_CAPTURE_AUTORELEASING = YES;
				CLANG_WARN_BOOL_CONVERSION = YES;
				CLANG_WARN_COMMA = YES;
				CLANG_WARN_CONSTANT_CONVERSION = YES;
				CLANG_WARN_DEPRECATED_OBJC_IMPLEMENTATIONS = YES;
				CLANG_WARN_DIRECT_OBJC_ISA_USAGE = YES_ERROR;
				CLANG_WARN_DOCUMENTATION_COMMENTS = YES;
				CLANG_WARN_EMPTY_BODY = YES;
				CLANG_WARN_ENUM_CONVERSION = YES;
				CLANG_WARN_INFINITE_RECURSION = YES;
				CLANG_WARN_INT_CONVERSION = YES;
				CLANG_WARN_NON_LITERAL_NULL_CONVERSION = YES;
				CLANG_WARN_OBJC_IMPLICIT_RETAIN_SELF = YES;
				CLANG_WARN_OBJC_LITERAL_CONVERSION = YES;
				CLANG_WARN_OBJC_ROOT_CLASS = YES_ERROR;
				CLANG_WARN_QUOTED_INCLUDE_IN_FRAMEWORK_HEADER = YES;
				CLANG_WARN_RANGE_LOOP_ANALYSIS = YES;
				CLANG_WARN_STRICT_PROTOTYPES = YES;
				CLANG_WARN_SUSPICIOUS_MOVE = YES;
				CLANG_WARN_UNGUARDED_AVAILABILITY = YES_AGGRESSIVE;
				CLANG_WARN_UNREACHABLE_CODE = YES;
				CLANG_WARN__DUPLICATE_METHOD_MATCH = YES;
				COPY_PHASE_STRIP = NO;
				DEBUG_INFORMATION_FORMAT = "dwarf-with-dsym";
				ENABLE_NS_ASSERTIONS = NO;
				ENABLE_STRICT_OBJC_MSGSEND = YES;
				GCC_C_LANGUAGE_STANDARD = gnu11;
				GCC_NO_COMMON_BLOCKS = YES;
				GCC_WARN_64_TO_32_BIT_CONVERSION = YES;
				GCC_WARN_ABOUT_RETURN_TYPE = YES_ERROR;
				GCC_WARN_UNDECLARED_SELECTOR = YES;
				GCC_WARN_UNINITIALIZED_AUTOS = YES_AGGRESSIVE;
				GCC_WARN_UNUSED_FUNCTION = YES;
				GCC_WARN_UNUSED_VARIABLE = YES;
				IPHONEOS_DEPLOYMENT_TARGET = 15.5;
				MTL_ENABLE_DEBUG_INFO = NO;
				MTL_FAST_MATH = YES;
				SDKROOT = iphoneos;
				SWIFT_COMPILATION_MODE = wholemodule;
				SWIFT_OPTIMIZATION_LEVEL = "-O";
				VALIDATE_PRODUCT = YES;
			};
			name = Release;
		};
		71632A2B28F7DFD700EC4D72 /* Debug */ = {
			isa = XCBuildConfiguration;
			buildSettings = {
				ASSETCATALOG_COMPILER_APPICON_NAME = AppIcon;
				ASSETCATALOG_COMPILER_GLOBAL_ACCENT_COLOR_NAME = AccentColor;
				CODE_SIGN_STYLE = Automatic;
				CURRENT_PROJECT_VERSION = 1;
				DEVELOPMENT_TEAM = 4C2D2RVKKF;
				GENERATE_INFOPLIST_FILE = YES;
				INFOPLIST_FILE = Parstagramt/Info.plist;
				INFOPLIST_KEY_UIApplicationSupportsIndirectInputEvents = YES;
				INFOPLIST_KEY_UILaunchStoryboardName = LaunchScreen;
				INFOPLIST_KEY_UIMainStoryboardFile = Main;
				INFOPLIST_KEY_UISupportedInterfaceOrientations_iPad = "UIInterfaceOrientationPortrait UIInterfaceOrientationPortraitUpsideDown UIInterfaceOrientationLandscapeLeft UIInterfaceOrientationLandscapeRight";
				INFOPLIST_KEY_UISupportedInterfaceOrientations_iPhone = "UIInterfaceOrientationPortrait UIInterfaceOrientationLandscapeLeft UIInterfaceOrientationLandscapeRight";
				LD_RUNPATH_SEARCH_PATHS = (
					"$(inherited)",
					"@executable_path/Frameworks",
				);
				MARKETING_VERSION = 1.0;
				PRODUCT_BUNDLE_IDENTIFIER = com.amyiosapps.Parstagramt;
				PRODUCT_NAME = "$(TARGET_NAME)";
				SWIFT_EMIT_LOC_STRINGS = YES;
				SWIFT_VERSION = 5.0;
				TARGETED_DEVICE_FAMILY = "1,2";
			};
			name = Debug;
		};
		71632A2C28F7DFD700EC4D72 /* Release */ = {
			isa = XCBuildConfiguration;
			buildSettings = {
				ASSETCATALOG_COMPILER_APPICON_NAME = AppIcon;
				ASSETCATALOG_COMPILER_GLOBAL_ACCENT_COLOR_NAME = AccentColor;
				CODE_SIGN_STYLE = Automatic;
				CURRENT_PROJECT_VERSION = 1;
				DEVELOPMENT_TEAM = 4C2D2RVKKF;
				GENERATE_INFOPLIST_FILE = YES;
				INFOPLIST_FILE = Parstagramt/Info.plist;
				INFOPLIST_KEY_UIApplicationSupportsIndirectInputEvents = YES;
				INFOPLIST_KEY_UILaunchStoryboardName = LaunchScreen;
				INFOPLIST_KEY_UIMainStoryboardFile = Main;
				INFOPLIST_KEY_UISupportedInterfaceOrientations_iPad = "UIInterfaceOrientationPortrait UIInterfaceOrientationPortraitUpsideDown UIInterfaceOrientationLandscapeLeft UIInterfaceOrientationLandscapeRight";
				INFOPLIST_KEY_UISupportedInterfaceOrientations_iPhone = "UIInterfaceOrientationPortrait UIInterfaceOrientationLandscapeLeft UIInterfaceOrientationLandscapeRight";
				LD_RUNPATH_SEARCH_PATHS = (
					"$(inherited)",
					"@executable_path/Frameworks",
				);
				MARKETING_VERSION = 1.0;
				PRODUCT_BUNDLE_IDENTIFIER = com.amyiosapps.Parstagramt;
				PRODUCT_NAME = "$(TARGET_NAME)";
				SWIFT_EMIT_LOC_STRINGS = YES;
				SWIFT_VERSION = 5.0;
				TARGETED_DEVICE_FAMILY = "1,2";
			};
			name = Release;
		};
		71632A2E28F7DFD700EC4D72 /* Debug */ = {
			isa = XCBuildConfiguration;
			buildSettings = {
				ALWAYS_EMBED_SWIFT_STANDARD_LIBRARIES = YES;
				BUNDLE_LOADER = "$(TEST_HOST)";
				CODE_SIGN_STYLE = Automatic;
				CURRENT_PROJECT_VERSION = 1;
				DEVELOPMENT_TEAM = 4C2D2RVKKF;
				GENERATE_INFOPLIST_FILE = YES;
				IPHONEOS_DEPLOYMENT_TARGET = 15.5;
				MARKETING_VERSION = 1.0;
				PRODUCT_BUNDLE_IDENTIFIER = com.amyiosapps.ParstagramtTests;
				PRODUCT_NAME = "$(TARGET_NAME)";
				SWIFT_EMIT_LOC_STRINGS = NO;
				SWIFT_VERSION = 5.0;
				TARGETED_DEVICE_FAMILY = "1,2";
				TEST_HOST = "$(BUILT_PRODUCTS_DIR)/Parstagramt.app/Parstagramt";
			};
			name = Debug;
		};
		71632A2F28F7DFD700EC4D72 /* Release */ = {
			isa = XCBuildConfiguration;
			buildSettings = {
				ALWAYS_EMBED_SWIFT_STANDARD_LIBRARIES = YES;
				BUNDLE_LOADER = "$(TEST_HOST)";
				CODE_SIGN_STYLE = Automatic;
				CURRENT_PROJECT_VERSION = 1;
				DEVELOPMENT_TEAM = 4C2D2RVKKF;
				GENERATE_INFOPLIST_FILE = YES;
				IPHONEOS_DEPLOYMENT_TARGET = 15.5;
				MARKETING_VERSION = 1.0;
				PRODUCT_BUNDLE_IDENTIFIER = com.amyiosapps.ParstagramtTests;
				PRODUCT_NAME = "$(TARGET_NAME)";
				SWIFT_EMIT_LOC_STRINGS = NO;
				SWIFT_VERSION = 5.0;
				TARGETED_DEVICE_FAMILY = "1,2";
				TEST_HOST = "$(BUILT_PRODUCTS_DIR)/Parstagramt.app/Parstagramt";
			};
			name = Release;
		};
		71632A3128F7DFD700EC4D72 /* Debug */ = {
			isa = XCBuildConfiguration;
			buildSettings = {
				ALWAYS_EMBED_SWIFT_STANDARD_LIBRARIES = YES;
				CODE_SIGN_STYLE = Automatic;
				CURRENT_PROJECT_VERSION = 1;
				DEVELOPMENT_TEAM = 4C2D2RVKKF;
				GENERATE_INFOPLIST_FILE = YES;
				MARKETING_VERSION = 1.0;
				PRODUCT_BUNDLE_IDENTIFIER = com.amyiosapps.ParstagramtUITests;
				PRODUCT_NAME = "$(TARGET_NAME)";
				SWIFT_EMIT_LOC_STRINGS = NO;
				SWIFT_VERSION = 5.0;
				TARGETED_DEVICE_FAMILY = "1,2";
				TEST_TARGET_NAME = Parstagramt;
			};
			name = Debug;
		};
		71632A3228F7DFD700EC4D72 /* Release */ = {
			isa = XCBuildConfiguration;
			buildSettings = {
				ALWAYS_EMBED_SWIFT_STANDARD_LIBRARIES = YES;
				CODE_SIGN_STYLE = Automatic;
				CURRENT_PROJECT_VERSION = 1;
				DEVELOPMENT_TEAM = 4C2D2RVKKF;
				GENERATE_INFOPLIST_FILE = YES;
				MARKETING_VERSION = 1.0;
				PRODUCT_BUNDLE_IDENTIFIER = com.amyiosapps.ParstagramtUITests;
				PRODUCT_NAME = "$(TARGET_NAME)";
				SWIFT_EMIT_LOC_STRINGS = NO;
				SWIFT_VERSION = 5.0;
				TARGETED_DEVICE_FAMILY = "1,2";
				TEST_TARGET_NAME = Parstagramt;
			};
			name = Release;
		};
/* End XCBuildConfiguration section */

/* Begin XCConfigurationList section */
		716329FB28F7DFD600EC4D72 /* Build configuration list for PBXProject "Parstagramt" */ = {
			isa = XCConfigurationList;
			buildConfigurations = (
				71632A2828F7DFD700EC4D72 /* Debug */,
				71632A2928F7DFD700EC4D72 /* Release */,
			);
			defaultConfigurationIsVisible = 0;
			defaultConfigurationName = Release;
		};
		71632A2A28F7DFD700EC4D72 /* Build configuration list for PBXNativeTarget "Parstagramt" */ = {
			isa = XCConfigurationList;
			buildConfigurations = (
				71632A2B28F7DFD700EC4D72 /* Debug */,
				71632A2C28F7DFD700EC4D72 /* Release */,
			);
			defaultConfigurationIsVisible = 0;
			defaultConfigurationName = Release;
		};
		71632A2D28F7DFD700EC4D72 /* Build configuration list for PBXNativeTarget "ParstagramtTests" */ = {
			isa = XCConfigurationList;
			buildConfigurations = (
				71632A2E28F7DFD700EC4D72 /* Debug */,
				71632A2F28F7DFD700EC4D72 /* Release */,
			);
			defaultConfigurationIsVisible = 0;
			defaultConfigurationName = Release;
		};
		71632A3028F7DFD700EC4D72 /* Build configuration list for PBXNativeTarget "ParstagramtUITests" */ = {
			isa = XCConfigurationList;
			buildConfigurations = (
				71632A3128F7DFD700EC4D72 /* Debug */,
				71632A3228F7DFD700EC4D72 /* Release */,
			);
			defaultConfigurationIsVisible = 0;
			defaultConfigurationName = Release;
		};
/* End XCConfigurationList section */
	};
	rootObject = 716329F828F7DFD600EC4D72 /* Project object */;
}
